
Microsoft Visual Studio Solution File, Format Version 12.00
Project("{2150E333-8FDC-42A3-9474-1A3956D46DE8}") = "src", "src", "{89E1B5B8-2931-44CE-98E0-524271F554BD}"
EndProject
Project("{2150E333-8FDC-42A3-9474-1A3956D46DE8}") = "Presentation", "Presentation", "{8EEA41BF-990A-4451-B7B3-04808110103D}"
EndProject
Project("{FAE04EC0-301F-11D3-BF4B-00C04F79EFBC}") = "Chat.WebUI", "src\Presentation\Chat.WebUI\Chat.WebUI.csproj", "{E484BF3D-62B1-492C-AF1F-B549AB729FA6}"
EndProject
Project("{2150E333-8FDC-42A3-9474-1A3956D46DE8}") = "Infrastructure", "Infrastructure", "{F2203743-62F2-424E-8DAF-DBD139341BD2}"
EndProject
Project("{2150E333-8FDC-42A3-9474-1A3956D46DE8}") = "Core", "Core", "{81038530-3F45-460C-B594-1D08A2725F4D}"
EndProject
Project("{FAE04EC0-301F-11D3-BF4B-00C04F79EFBC}") = "Chat.Application", "src\Core\Chat.Application\Chat.Application.csproj", "{01D3E617-AE47-4400-917C-E38F115DC057}"
EndProject
Project("{FAE04EC0-301F-11D3-BF4B-00C04F79EFBC}") = "Chat.Domain", "src\Core\Chat.Domain\Chat.Domain.csproj", "{1C952E58-6E01-4CB9-A0AA-3DFAF072381D}"
EndProject
Project("{FAE04EC0-301F-11D3-BF4B-00C04F79EFBC}") = "Chat.Persistence", "src\Infrastructure\Chat.Persistence\Chat.Persistence.csproj", "{DF255B83-3A6A-40F5-9954-FA3A9993029C}"
EndProject
Project("{FAE04EC0-301F-11D3-BF4B-00C04F79EFBC}") = "Chat.Service", "src\Infrastructure\Chat.Service\Chat.Service.csproj", "{5E9E260E-B812-4C4F-82AE-B5366FB9ECE2}"
EndProject
Global
	GlobalSection(SolutionConfigurationPlatforms) = preSolution
		Debug|Any CPU = Debug|Any CPU
		Release|Any CPU = Release|Any CPU
	EndGlobalSection
	GlobalSection(ProjectConfigurationPlatforms) = postSolution
		{E484BF3D-62B1-492C-AF1F-B549AB729FA6}.Debug|Any CPU.ActiveCfg = Debug|Any CPU
		{E484BF3D-62B1-492C-AF1F-B549AB729FA6}.Debug|Any CPU.Build.0 = Debug|Any CPU
		{E484BF3D-62B1-492C-AF1F-B549AB729FA6}.Release|Any CPU.ActiveCfg = Release|Any CPU
		{E484BF3D-62B1-492C-AF1F-B549AB729FA6}.Release|Any CPU.Build.0 = Release|Any CPU
		{01D3E617-AE47-4400-917C-E38F115DC057}.Debug|Any CPU.ActiveCfg = Debug|Any CPU
		{01D3E617-AE47-4400-917C-E38F115DC057}.Debug|Any CPU.Build.0 = Debug|Any CPU
		{01D3E617-AE47-4400-917C-E38F115DC057}.Release|Any CPU.ActiveCfg = Release|Any CPU
		{01D3E617-AE47-4400-917C-E38F115DC057}.Release|Any CPU.Build.0 = Release|Any CPU
		{1C952E58-6E01-4CB9-A0AA-3DFAF072381D}.Debug|Any CPU.ActiveCfg = Debug|Any CPU
		{1C952E58-6E01-4CB9-A0AA-3DFAF072381D}.Debug|Any CPU.Build.0 = Debug|Any CPU
		{1C952E58-6E01-4CB9-A0AA-3DFAF072381D}.Release|Any CPU.ActiveCfg = Release|Any CPU
		{1C952E58-6E01-4CB9-A0AA-3DFAF072381D}.Release|Any CPU.Build.0 = Release|Any CPU
		{DF255B83-3A6A-40F5-9954-FA3A9993029C}.Debug|Any CPU.ActiveCfg = Debug|Any CPU
		{DF255B83-3A6A-40F5-9954-FA3A9993029C}.Debug|Any CPU.Build.0 = Debug|Any CPU
		{DF255B83-3A6A-40F5-9954-FA3A9993029C}.Release|Any CPU.ActiveCfg = Release|Any CPU
		{DF255B83-3A6A-40F5-9954-FA3A9993029C}.Release|Any CPU.Build.0 = Release|Any CPU
		{5E9E260E-B812-4C4F-82AE-B5366FB9ECE2}.Debug|Any CPU.ActiveCfg = Debug|Any CPU
		{5E9E260E-B812-4C4F-82AE-B5366FB9ECE2}.Debug|Any CPU.Build.0 = Debug|Any CPU
		{5E9E260E-B812-4C4F-82AE-B5366FB9ECE2}.Release|Any CPU.ActiveCfg = Release|Any CPU
		{5E9E260E-B812-4C4F-82AE-B5366FB9ECE2}.Release|Any CPU.Build.0 = Release|Any CPU
	EndGlobalSection
	GlobalSection(NestedProjects) = preSolution
		{8EEA41BF-990A-4451-B7B3-04808110103D} = {89E1B5B8-2931-44CE-98E0-524271F554BD}
		{E484BF3D-62B1-492C-AF1F-B549AB729FA6} = {8EEA41BF-990A-4451-B7B3-04808110103D}
		{F2203743-62F2-424E-8DAF-DBD139341BD2} = {89E1B5B8-2931-44CE-98E0-524271F554BD}
		{81038530-3F45-460C-B594-1D08A2725F4D} = {89E1B5B8-2931-44CE-98E0-524271F554BD}
		{01D3E617-AE47-4400-917C-E38F115DC057} = {81038530-3F45-460C-B594-1D08A2725F4D}
		{1C952E58-6E01-4CB9-A0AA-3DFAF072381D} = {81038530-3F45-460C-B594-1D08A2725F4D}
		{DF255B83-3A6A-40F5-9954-FA3A9993029C} = {F2203743-62F2-424E-8DAF-DBD139341BD2}
		{5E9E260E-B812-4C4F-82AE-B5366FB9ECE2} = {F2203743-62F2-424E-8DAF-DBD139341BD2}
	EndGlobalSection
EndGlobal
